// !$*UTF8*$!
{
	archiveVersion = 1;
	classes = {
	};
	objectVersion = 46;
	objects = {

/* Begin PBXBuildFile section */
		EB4B60CC1A82EC040061CCD8 /* PeopleViewController.m in Sources */ = {isa = PBXBuildFile; fileRef = EB4B60CB1A82EC040061CCD8 /* PeopleViewController.m */; };
		EB8BD4191A886E3400851D28 /* SignUpViewController.m in Sources */ = {isa = PBXBuildFile; fileRef = EB8BD4181A886E3400851D28 /* SignUpViewController.m */; };
		EBD0D8AD1A82E1F700B76C79 /* main.m in Sources */ = {isa = PBXBuildFile; fileRef = EBD0D8AC1A82E1F700B76C79 /* main.m */; };
		EBD0D8B01A82E1F700B76C79 /* AppDelegate.m in Sources */ = {isa = PBXBuildFile; fileRef = EBD0D8AF1A82E1F700B76C79 /* AppDelegate.m */; };
		EBD0D8B61A82E1F700B76C79 /* Main.storyboard in Resources */ = {isa = PBXBuildFile; fileRef = EBD0D8B41A82E1F700B76C79 /* Main.storyboard */; };
		EBD0D8B81A82E1F700B76C79 /* Images.xcassets in Resources */ = {isa = PBXBuildFile; fileRef = EBD0D8B71A82E1F700B76C79 /* Images.xcassets */; };
		EBD0D8BB1A82E1F700B76C79 /* LaunchScreen.xib in Resources */ = {isa = PBXBuildFile; fileRef = EBD0D8B91A82E1F700B76C79 /* LaunchScreen.xib */; };
		EBD0D8C71A82E1F700B76C79 /* chatTestTests.m in Sources */ = {isa = PBXBuildFile; fileRef = EBD0D8C61A82E1F700B76C79 /* chatTestTests.m */; };
		EBD0D8D91A82E30500B76C79 /* InitPage.m in Sources */ = {isa = PBXBuildFile; fileRef = EBD0D8D71A82E30500B76C79 /* InitPage.m */; };
		F7159A9C1A9478B600846566 /* NewsFeedViewController.m in Sources */ = {isa = PBXBuildFile; fileRef = F7159A9B1A9478B600846566 /* NewsFeedViewController.m */; };
		F7159A9F1A9478C900846566 /* EventViewController.m in Sources */ = {isa = PBXBuildFile; fileRef = F7159A9E1A9478C900846566 /* EventViewController.m */; };
		F77C900B1AA3C0950005EC2F /* NewsFeedView.m in Sources */ = {isa = PBXBuildFile; fileRef = F77C900A1AA3C0950005EC2F /* NewsFeedView.m */; };
		F77C900D1AA3C16F0005EC2F /* User.m in Sources */ = {isa = PBXBuildFile; fileRef = F77C900C1AA3C16F0005EC2F /* User.m */; };
		F77C90101AA3F4A60005EC2F /* Lib.m in Sources */ = {isa = PBXBuildFile; fileRef = F77C900F1AA3F4A60005EC2F /* Lib.m */; };
		F77C90131AA3FDA50005EC2F /* testImage.jpeg in Resources */ = {isa = PBXBuildFile; fileRef = F77C90121AA3FDA50005EC2F /* testImage.jpeg */; };
		F7A443941AA4913100E9ADFC /* Communication.m in Sources */ = {isa = PBXBuildFile; fileRef = F7A443931AA4913100E9ADFC /* Communication.m */; };
		F7A443961AA49B1A00E9ADFC /* NewsFeed.m in Sources */ = {isa = PBXBuildFile; fileRef = F7A443951AA49B1A00E9ADFC /* NewsFeed.m */; };
		F7A443991AA4A50100E9ADFC /* nightLife.jpeg in Resources */ = {isa = PBXBuildFile; fileRef = F7A443981AA4A50100E9ADFC /* nightLife.jpeg */; };
/* End PBXBuildFile section */

/* Begin PBXContainerItemProxy section */
		EBD0D8C11A82E1F700B76C79 /* PBXContainerItemProxy */ = {
			isa = PBXContainerItemProxy;
			containerPortal = EBD0D89F1A82E1F700B76C79 /* Project object */;
			proxyType = 1;
			remoteGlobalIDString = EBD0D8A61A82E1F700B76C79;
			remoteInfo = chatTest;
		};
/* End PBXContainerItemProxy section */

/* Begin PBXFileReference section */
		EB4B60CA1A82EC040061CCD8 /* PeopleViewController.h */ = {isa = PBXFileReference; fileEncoding = 4; lastKnownFileType = sourcecode.c.h; path = PeopleViewController.h; sourceTree = "<group>"; };
		EB4B60CB1A82EC040061CCD8 /* PeopleViewController.m */ = {isa = PBXFileReference; fileEncoding = 4; lastKnownFileType = sourcecode.c.objc; path = PeopleViewController.m; sourceTree = "<group>"; };
		EB8BD4171A886E3400851D28 /* SignUpViewController.h */ = {isa = PBXFileReference; fileEncoding = 4; lastKnownFileType = sourcecode.c.h; path = SignUpViewController.h; sourceTree = "<group>"; };
		EB8BD4181A886E3400851D28 /* SignUpViewController.m */ = {isa = PBXFileReference; fileEncoding = 4; lastKnownFileType = sourcecode.c.objc; path = SignUpViewController.m; sourceTree = "<group>"; };
		EBD0D8A71A82E1F700B76C79 /* chatTest.app */ = {isa = PBXFileReference; explicitFileType = wrapper.application; includeInIndex = 0; path = chatTest.app; sourceTree = BUILT_PRODUCTS_DIR; };
		EBD0D8AB1A82E1F700B76C79 /* Info.plist */ = {isa = PBXFileReference; lastKnownFileType = text.plist.xml; path = Info.plist; sourceTree = "<group>"; };
		EBD0D8AC1A82E1F700B76C79 /* main.m */ = {isa = PBXFileReference; lastKnownFileType = sourcecode.c.objc; path = main.m; sourceTree = "<group>"; };
		EBD0D8AE1A82E1F700B76C79 /* AppDelegate.h */ = {isa = PBXFileReference; lastKnownFileType = sourcecode.c.h; path = AppDelegate.h; sourceTree = "<group>"; };
		EBD0D8AF1A82E1F700B76C79 /* AppDelegate.m */ = {isa = PBXFileReference; lastKnownFileType = sourcecode.c.objc; path = AppDelegate.m; sourceTree = "<group>"; };
		EBD0D8B51A82E1F700B76C79 /* Base */ = {isa = PBXFileReference; lastKnownFileType = file.storyboard; name = Base; path = Base.lproj/Main.storyboard; sourceTree = "<group>"; };
		EBD0D8B71A82E1F700B76C79 /* Images.xcassets */ = {isa = PBXFileReference; lastKnownFileType = folder.assetcatalog; path = Images.xcassets; sourceTree = "<group>"; };
		EBD0D8BA1A82E1F700B76C79 /* Base */ = {isa = PBXFileReference; lastKnownFileType = file.xib; name = Base; path = Base.lproj/LaunchScreen.xib; sourceTree = "<group>"; };
		EBD0D8C01A82E1F700B76C79 /* chatTestTests.xctest */ = {isa = PBXFileReference; explicitFileType = wrapper.cfbundle; includeInIndex = 0; path = chatTestTests.xctest; sourceTree = BUILT_PRODUCTS_DIR; };
		EBD0D8C51A82E1F700B76C79 /* Info.plist */ = {isa = PBXFileReference; lastKnownFileType = text.plist.xml; path = Info.plist; sourceTree = "<group>"; };
		EBD0D8C61A82E1F700B76C79 /* chatTestTests.m */ = {isa = PBXFileReference; lastKnownFileType = sourcecode.c.objc; path = chatTestTests.m; sourceTree = "<group>"; };
		EBD0D8D61A82E30500B76C79 /* InitPage.h */ = {isa = PBXFileReference; fileEncoding = 4; lastKnownFileType = sourcecode.c.h; name = InitPage.h; path = ../InitPage.h; sourceTree = "<group>"; };
		EBD0D8D71A82E30500B76C79 /* InitPage.m */ = {isa = PBXFileReference; fileEncoding = 4; lastKnownFileType = sourcecode.c.objc; name = InitPage.m; path = ../InitPage.m; sourceTree = "<group>"; };
		F7159A9A1A9478B600846566 /* NewsFeedViewController.h */ = {isa = PBXFileReference; fileEncoding = 4; lastKnownFileType = sourcecode.c.h; path = NewsFeedViewController.h; sourceTree = "<group>"; };
		F7159A9B1A9478B600846566 /* NewsFeedViewController.m */ = {isa = PBXFileReference; fileEncoding = 4; lastKnownFileType = sourcecode.c.objc; path = NewsFeedViewController.m; sourceTree = "<group>"; };
		F7159A9D1A9478C900846566 /* EventViewController.h */ = {isa = PBXFileReference; fileEncoding = 4; lastKnownFileType = sourcecode.c.h; name = EventViewController.h; path = ../EventViewController.h; sourceTree = "<group>"; };
		F7159A9E1A9478C900846566 /* EventViewController.m */ = {isa = PBXFileReference; fileEncoding = 4; lastKnownFileType = sourcecode.c.objc; name = EventViewController.m; path = ../EventViewController.m; sourceTree = "<group>"; };
		F77C90091AA3C0950005EC2F /* NewsFeedView.h */ = {isa = PBXFileReference; fileEncoding = 4; lastKnownFileType = sourcecode.c.h; path = NewsFeedView.h; sourceTree = "<group>"; };
		F77C900A1AA3C0950005EC2F /* NewsFeedView.m */ = {isa = PBXFileReference; fileEncoding = 4; lastKnownFileType = sourcecode.c.objc; path = NewsFeedView.m; sourceTree = "<group>"; };
		F77C900C1AA3C16F0005EC2F /* User.m */ = {isa = PBXFileReference; fileEncoding = 4; lastKnownFileType = sourcecode.c.objc; path = User.m; sourceTree = "<group>"; };
		F77C900E1AA3C18E0005EC2F /* User.h */ = {isa = PBXFileReference; lastKnownFileType = sourcecode.c.h; path = User.h; sourceTree = "<group>"; };
		F77C900F1AA3F4A60005EC2F /* Lib.m */ = {isa = PBXFileReference; fileEncoding = 4; lastKnownFileType = sourcecode.c.objc; path = Lib.m; sourceTree = "<group>"; };
		F77C90111AA3F4B50005EC2F /* Lib.h */ = {isa = PBXFileReference; lastKnownFileType = sourcecode.c.h; path = Lib.h; sourceTree = "<group>"; };
		F77C90121AA3FDA50005EC2F /* testImage.jpeg */ = {isa = PBXFileReference; lastKnownFileType = image.jpeg; name = testImage.jpeg; path = ../../../../testImage.jpeg; sourceTree = "<group>"; };
		F7A443921AA4913100E9ADFC /* Communication.h */ = {isa = PBXFileReference; fileEncoding = 4; lastKnownFileType = sourcecode.c.h; path = Communication.h; sourceTree = "<group>"; };
		F7A443931AA4913100E9ADFC /* Communication.m */ = {isa = PBXFileReference; fileEncoding = 4; lastKnownFileType = sourcecode.c.objc; path = Communication.m; sourceTree = "<group>"; };
		F7A443951AA49B1A00E9ADFC /* NewsFeed.m */ = {isa = PBXFileReference; fileEncoding = 4; lastKnownFileType = sourcecode.c.objc; path = NewsFeed.m; sourceTree = "<group>"; };
		F7A443971AA49B2D00E9ADFC /* NewsFeed.h */ = {isa = PBXFileReference; lastKnownFileType = sourcecode.c.h; path = NewsFeed.h; sourceTree = "<group>"; };
		F7A443981AA4A50100E9ADFC /* nightLife.jpeg */ = {isa = PBXFileReference; lastKnownFileType = image.jpeg; name = nightLife.jpeg; path = ../../../../nightLife.jpeg; sourceTree = "<group>"; };
/* End PBXFileReference section */

/* Begin PBXFrameworksBuildPhase section */
		EBD0D8A41A82E1F700B76C79 /* Frameworks */ = {
			isa = PBXFrameworksBuildPhase;
			buildActionMask = 2147483647;
			files = (
			);
			runOnlyForDeploymentPostprocessing = 0;
		};
		EBD0D8BD1A82E1F700B76C79 /* Frameworks */ = {
			isa = PBXFrameworksBuildPhase;
			buildActionMask = 2147483647;
			files = (
			);
			runOnlyForDeploymentPostprocessing = 0;
		};
/* End PBXFrameworksBuildPhase section */

/* Begin PBXGroup section */
		EB4B60C91A82EB960061CCD8 /* ViewControll */ = {
			isa = PBXGroup;
			children = (
				F7A443921AA4913100E9ADFC /* Communication.h */,
				F7A443931AA4913100E9ADFC /* Communication.m */,
				EBD0D8D61A82E30500B76C79 /* InitPage.h */,
				EBD0D8D71A82E30500B76C79 /* InitPage.m */,
				EB8BD4171A886E3400851D28 /* SignUpViewController.h */,
				EB8BD4181A886E3400851D28 /* SignUpViewController.m */,
				EB4B60CA1A82EC040061CCD8 /* PeopleViewController.h */,
				EB4B60CB1A82EC040061CCD8 /* PeopleViewController.m */,
				F7159A9A1A9478B600846566 /* NewsFeedViewController.h */,
				F7159A9B1A9478B600846566 /* NewsFeedViewController.m */,
				F7A443971AA49B2D00E9ADFC /* NewsFeed.h */,
				F7A443951AA49B1A00E9ADFC /* NewsFeed.m */,
				F7159A9D1A9478C900846566 /* EventViewController.h */,
				F7159A9E1A9478C900846566 /* EventViewController.m */,
			);
			name = ViewControll;
			sourceTree = "<group>";
		};
		EBD0D89E1A82E1F700B76C79 = {
			isa = PBXGroup;
			children = (
				EBD0D8A91A82E1F700B76C79 /* chatTest */,
				EBD0D8C31A82E1F700B76C79 /* chatTestTests */,
				EBD0D8A81A82E1F700B76C79 /* Products */,
			);
			sourceTree = "<group>";
		};
		EBD0D8A81A82E1F700B76C79 /* Products */ = {
			isa = PBXGroup;
			children = (
				EBD0D8A71A82E1F700B76C79 /* chatTest.app */,
				EBD0D8C01A82E1F700B76C79 /* chatTestTests.xctest */,
			);
			name = Products;
			sourceTree = "<group>";
		};
		EBD0D8A91A82E1F700B76C79 /* chatTest */ = {
			isa = PBXGroup;
			children = (
				EBD0D8AE1A82E1F700B76C79 /* AppDelegate.h */,
				EBD0D8AF1A82E1F700B76C79 /* AppDelegate.m */,
				EBD0D8B41A82E1F700B76C79 /* Main.storyboard */,
				F77C900E1AA3C18E0005EC2F /* User.h */,
				F77C900C1AA3C16F0005EC2F /* User.m */,
				F77C90111AA3F4B50005EC2F /* Lib.h */,
				F77C900F1AA3F4A60005EC2F /* Lib.m */,
				F77C90141AA3FDB20005EC2F /* UserImage */,
				F77C90091AA3C0950005EC2F /* NewsFeedView.h */,
				F77C900A1AA3C0950005EC2F /* NewsFeedView.m */,
				EB4B60C91A82EB960061CCD8 /* ViewControll */,
				EBD0D8B71A82E1F700B76C79 /* Images.xcassets */,
				EBD0D8B91A82E1F700B76C79 /* LaunchScreen.xib */,
				EBD0D8AA1A82E1F700B76C79 /* Supporting Files */,
			);
			path = chatTest;
			sourceTree = "<group>";
		};
		EBD0D8AA1A82E1F700B76C79 /* Supporting Files */ = {
			isa = PBXGroup;
			children = (
				EBD0D8AB1A82E1F700B76C79 /* Info.plist */,
				EBD0D8AC1A82E1F700B76C79 /* main.m */,
			);
			name = "Supporting Files";
			sourceTree = "<group>";
		};
		EBD0D8C31A82E1F700B76C79 /* chatTestTests */ = {
			isa = PBXGroup;
			children = (
				EBD0D8C61A82E1F700B76C79 /* chatTestTests.m */,
				EBD0D8C41A82E1F700B76C79 /* Supporting Files */,
			);
			path = chatTestTests;
			sourceTree = "<group>";
		};
		EBD0D8C41A82E1F700B76C79 /* Supporting Files */ = {
			isa = PBXGroup;
			children = (
				EBD0D8C51A82E1F700B76C79 /* Info.plist */,
			);
			name = "Supporting Files";
			sourceTree = "<group>";
		};
		F77C90141AA3FDB20005EC2F /* UserImage */ = {
			isa = PBXGroup;
			children = (
				F77C90121AA3FDA50005EC2F /* testImage.jpeg */,
				F7A443981AA4A50100E9ADFC /* nightLife.jpeg */,
			);
			name = UserImage;
			sourceTree = "<group>";
		};
/* End PBXGroup section */

/* Begin PBXNativeTarget section */
		EBD0D8A61A82E1F700B76C79 /* chatTest */ = {
			isa = PBXNativeTarget;
			buildConfigurationList = EBD0D8CA1A82E1F700B76C79 /* Build configuration list for PBXNativeTarget "chatTest" */;
			buildPhases = (
				EBD0D8A31A82E1F700B76C79 /* Sources */,
				EBD0D8A41A82E1F700B76C79 /* Frameworks */,
				EBD0D8A51A82E1F700B76C79 /* Resources */,
			);
			buildRules = (
			);
			dependencies = (
			);
			name = chatTest;
			productName = chatTest;
			productReference = EBD0D8A71A82E1F700B76C79 /* chatTest.app */;
			productType = "com.apple.product-type.application";
		};
		EBD0D8BF1A82E1F700B76C79 /* chatTestTests */ = {
			isa = PBXNativeTarget;
			buildConfigurationList = EBD0D8CD1A82E1F700B76C79 /* Build configuration list for PBXNativeTarget "chatTestTests" */;
			buildPhases = (
				EBD0D8BC1A82E1F700B76C79 /* Sources */,
				EBD0D8BD1A82E1F700B76C79 /* Frameworks */,
				EBD0D8BE1A82E1F700B76C79 /* Resources */,
			);
			buildRules = (
			);
			dependencies = (
				EBD0D8C21A82E1F700B76C79 /* PBXTargetDependency */,
			);
			name = chatTestTests;
			productName = chatTestTests;
			productReference = EBD0D8C01A82E1F700B76C79 /* chatTestTests.xctest */;
			productType = "com.apple.product-type.bundle.unit-test";
		};
/* End PBXNativeTarget section */

/* Begin PBXProject section */
		EBD0D89F1A82E1F700B76C79 /* Project object */ = {
			isa = PBXProject;
			attributes = {
				LastUpgradeCheck = 0610;
				ORGANIZATIONNAME = LPP;
				TargetAttributes = {
					EBD0D8A61A82E1F700B76C79 = {
						CreatedOnToolsVersion = 6.1.1;
						DevelopmentTeam = 4KA83U9CKH;
					};
					EBD0D8BF1A82E1F700B76C79 = {
						CreatedOnToolsVersion = 6.1.1;
						TestTargetID = EBD0D8A61A82E1F700B76C79;
					};
				};
			};
			buildConfigurationList = EBD0D8A21A82E1F700B76C79 /* Build configuration list for PBXProject "chatTest" */;
			compatibilityVersion = "Xcode 3.2";
			developmentRegion = English;
			hasScannedForEncodings = 0;
			knownRegions = (
				en,
				Base,
			);
			mainGroup = EBD0D89E1A82E1F700B76C79;
			productRefGroup = EBD0D8A81A82E1F700B76C79 /* Products */;
			projectDirPath = "";
			projectRoot = "";
			targets = (
				EBD0D8A61A82E1F700B76C79 /* chatTest */,
				EBD0D8BF1A82E1F700B76C79 /* chatTestTests */,
			);
		};
/* End PBXProject section */

/* Begin PBXResourcesBuildPhase section */
		EBD0D8A51A82E1F700B76C79 /* Resources */ = {
			isa = PBXResourcesBuildPhase;
			buildActionMask = 2147483647;
			files = (
				F7A443991AA4A50100E9ADFC /* nightLife.jpeg in Resources */,
				F77C90131AA3FDA50005EC2F /* testImage.jpeg in Resources */,
				EBD0D8B61A82E1F700B76C79 /* Main.storyboard in Resources */,
				EBD0D8BB1A82E1F700B76C79 /* LaunchScreen.xib in Resources */,
				EBD0D8B81A82E1F700B76C79 /* Images.xcassets in Resources */,
			);
			runOnlyForDeploymentPostprocessing = 0;
		};
		EBD0D8BE1A82E1F700B76C79 /* Resources */ = {
			isa = PBXResourcesBuildPhase;
			buildActionMask = 2147483647;
			files = (
			);
			runOnlyForDeploymentPostprocessing = 0;
		};
/* End PBXResourcesBuildPhase section */

/* Begin PBXSourcesBuildPhase section */
		EBD0D8A31A82E1F700B76C79 /* Sources */ = {
			isa = PBXSourcesBuildPhase;
			buildActionMask = 2147483647;
			files = (
				EBD0D8D91A82E30500B76C79 /* InitPage.m in Sources */,
				EB8BD4191A886E3400851D28 /* SignUpViewController.m in Sources */,
				F7A443941AA4913100E9ADFC /* Communication.m in Sources */,
				F77C900D1AA3C16F0005EC2F /* User.m in Sources */,
				EBD0D8B01A82E1F700B76C79 /* AppDelegate.m in Sources */,
				F7159A9F1A9478C900846566 /* EventViewController.m in Sources */,
				F7A443961AA49B1A00E9ADFC /* NewsFeed.m in Sources */,
				EB4B60CC1A82EC040061CCD8 /* PeopleViewController.m in Sources */,
				F77C900B1AA3C0950005EC2F /* NewsFeedView.m in Sources */,
				F77C90101AA3F4A60005EC2F /* Lib.m in Sources */,
				EBD0D8AD1A82E1F700B76C79 /* main.m in Sources */,
				F7159A9C1A9478B600846566 /* NewsFeedViewController.m in Sources */,
			);
			runOnlyForDeploymentPostprocessing = 0;
		};
		EBD0D8BC1A82E1F700B76C79 /* Sources */ = {
			isa = PBXSourcesBuildPhase;
			buildActionMask = 2147483647;
			files = (
				EBD0D8C71A82E1F700B76C79 /* chatTestTests.m in Sources */,
			);
			runOnlyForDeploymentPostprocessing = 0;
		};
/* End PBXSourcesBuildPhase section */

/* Begin PBXTargetDependency section */
		EBD0D8C21A82E1F700B76C79 /* PBXTargetDependency */ = {
			isa = PBXTargetDependency;
			target = EBD0D8A61A82E1F700B76C79 /* chatTest */;
			targetProxy = EBD0D8C11A82E1F700B76C79 /* PBXContainerItemProxy */;
		};
/* End PBXTargetDependency section */

/* Begin PBXVariantGroup section */
		EBD0D8B41A82E1F700B76C79 /* Main.storyboard */ = {
			isa = PBXVariantGroup;
			children = (
				EBD0D8B51A82E1F700B76C79 /* Base */,
			);
			name = Main.storyboard;
			sourceTree = "<group>";
		};
		EBD0D8B91A82E1F700B76C79 /* LaunchScreen.xib */ = {
			isa = PBXVariantGroup;
			children = (
				EBD0D8BA1A82E1F700B76C79 /* Base */,
			);
			name = LaunchScreen.xib;
			sourceTree = "<group>";
		};
/* End PBXVariantGroup section */

/* Begin XCBuildConfiguration section */
		EBD0D8C81A82E1F700B76C79 /* Debug */ = {
			isa = XCBuildConfiguration;
			buildSettings = {
				ALWAYS_SEARCH_USER_PATHS = NO;
				CLANG_CXX_LANGUAGE_STANDARD = "gnu++0x";
				CLANG_CXX_LIBRARY = "libc++";
				CLANG_ENABLE_MODULES = YES;
				CLANG_ENABLE_OBJC_ARC = YES;
				CLANG_WARN_BOOL_CONVERSION = YES;
				CLANG_WARN_CONSTANT_CONVERSION = YES;
				CLANG_WARN_DIRECT_OBJC_ISA_USAGE = YES_ERROR;
				CLANG_WARN_EMPTY_BODY = YES;
				CLANG_WARN_ENUM_CONVERSION = YES;
				CLANG_WARN_INT_CONVERSION = YES;
				CLANG_WARN_OBJC_ROOT_CLASS = YES_ERROR;
				CLANG_WARN_UNREACHABLE_CODE = YES;
				CLANG_WARN__DUPLICATE_METHOD_MATCH = YES;
				"CODE_SIGN_IDENTITY[sdk=iphoneos*]" = "iPhone Developer";
				COPY_PHASE_STRIP = NO;
				ENABLE_STRICT_OBJC_MSGSEND = YES;
				GCC_C_LANGUAGE_STANDARD = gnu99;
				GCC_DYNAMIC_NO_PIC = NO;
				GCC_OPTIMIZATION_LEVEL = 0;
				GCC_PREPROCESSOR_DEFINITIONS = (
					"DEBUG=1",
					"$(inherited)",
				);
				GCC_SYMBOLS_PRIVATE_EXTERN = NO;
				GCC_WARN_64_TO_32_BIT_CONVERSION = YES;
				GCC_WARN_ABOUT_RETURN_TYPE = YES_ERROR;
				GCC_WARN_UNDECLARED_SELECTOR = YES;
				GCC_WARN_UNINITIALIZED_AUTOS = YES_AGGRESSIVE;
				GCC_WARN_UNUSED_FUNCTION = YES;
				GCC_WARN_UNUSED_VARIABLE = YES;
				IPHONEOS_DEPLOYMENT_TARGET = 8.1;
				MTL_ENABLE_DEBUG_INFO = YES;
				ONLY_ACTIVE_ARCH = YES;
				SDKROOT = iphoneos;
			};
			name = Debug;
		};
		EBD0D8C91A82E1F700B76C79 /* Release */ = {
			isa = XCBuildConfiguration;
			buildSettings = {
				ALWAYS_SEARCH_USER_PATHS = NO;
				CLANG_CXX_LANGUAGE_STANDARD = "gnu++0x";
				CLANG_CXX_LIBRARY = "libc++";
				CLANG_ENABLE_MODULES = YES;
				CLANG_ENABLE_OBJC_ARC = YES;
				CLANG_WARN_BOOL_CONVERSION = YES;
				CLANG_WARN_CONSTANT_CONVERSION = YES;
				CLANG_WARN_DIRECT_OBJC_ISA_USAGE = YES_ERROR;
				CLANG_WARN_EMPTY_BODY = YES;
				CLANG_WARN_ENUM_CONVERSION = YES;
				CLANG_WARN_INT_CONVERSION = YES;
				CLANG_WARN_OBJC_ROOT_CLASS = YES_ERROR;
				CLANG_WARN_UNREACHABLE_CODE = YES;
				CLANG_WARN__DUPLICATE_METHOD_MATCH = YES;
				"CODE_SIGN_IDENTITY[sdk=iphoneos*]" = "iPhone Developer";
				COPY_PHASE_STRIP = YES;
				ENABLE_NS_ASSERTIONS = NO;
				ENABLE_STRICT_OBJC_MSGSEND = YES;
				GCC_C_LANGUAGE_STANDARD = gnu99;
				GCC_WARN_64_TO_32_BIT_CONVERSION = YES;
				GCC_WARN_ABOUT_RETURN_TYPE = YES_ERROR;
				GCC_WARN_UNDECLARED_SELECTOR = YES;
				GCC_WARN_UNINITIALIZED_AUTOS = YES_AGGRESSIVE;
				GCC_WARN_UNUSED_FUNCTION = YES;
				GCC_WARN_UNUSED_VARIABLE = YES;
				IPHONEOS_DEPLOYMENT_TARGET = 8.1;
				MTL_ENABLE_DEBUG_INFO = NO;
				SDKROOT = iphoneos;
				VALIDATE_PRODUCT = YES;
			};
			name = Release;
		};
		EBD0D8CB1A82E1F700B76C79 /* Debug */ = {
			isa = XCBuildConfiguration;
			buildSettings = {
				ASSETCATALOG_COMPILER_APPICON_NAME = AppIcon;
				CODE_SIGN_IDENTITY = "iPhone Developer";
				"CODE_SIGN_IDENTITY[sdk=iphoneos*]" = "iPhone Developer";
				INFOPLIST_FILE = chatTest/Info.plist;
				LD_RUNPATH_SEARCH_PATHS = "$(inherited) @executable_path/Frameworks";
				PRODUCT_NAME = "$(TARGET_NAME)";
				PROVISIONING_PROFILE = "";
			};
			name = Debug;
		};
		EBD0D8CC1A82E1F700B76C79 /* Release */ = {
			isa = XCBuildConfiguration;
			buildSettings = {
				ASSETCATALOG_COMPILER_APPICON_NAME = AppIcon;
				CODE_SIGN_IDENTITY = "iPhone Developer";
				"CODE_SIGN_IDENTITY[sdk=iphoneos*]" = "iPhone Developer";
				INFOPLIST_FILE = chatTest/Info.plist;
				LD_RUNPATH_SEARCH_PATHS = "$(inherited) @executable_path/Frameworks";
				PRODUCT_NAME = "$(TARGET_NAME)";
				PROVISIONING_PROFILE = "";
			};
			name = Release;
		};
		EBD0D8CE1A82E1F700B76C79 /* Debug */ = {
			isa = XCBuildConfiguration;
			buildSettings = {
				BUNDLE_LOADER = "$(TEST_HOST)";
				FRAMEWORK_SEARCH_PATHS = (
					"$(SDKROOT)/Developer/Library/Frameworks",
					"$(inherited)",
				);
				GCC_PREPROCESSOR_DEFINITIONS = (
					"DEBUG=1",
					"$(inherited)",
				);
				INFOPLIST_FILE = chatTestTests/Info.plist;
				LD_RUNPATH_SEARCH_PATHS = "$(inherited) @executable_path/Frameworks @loader_path/Frameworks";
				PRODUCT_NAME = "$(TARGET_NAME)";
				TEST_HOST = "$(BUILT_PRODUCTS_DIR)/chatTest.app/chatTest";
			};
			name = Debug;
		};
		EBD0D8CF1A82E1F700B76C79 /* Release */ = {
			isa = XCBuildConfiguration;
			buildSettings = {
				BUNDLE_LOADER = "$(TEST_HOST)";
				FRAMEWORK_SEARCH_PATHS = (
					"$(SDKROOT)/Developer/Library/Frameworks",
					"$(inherited)",
				);
				INFOPLIST_FILE = chatTestTests/Info.plist;
				LD_RUNPATH_SEARCH_PATHS = "$(inherited) @executable_path/Frameworks @loader_path/Frameworks";
				PRODUCT_NAME = "$(TARGET_NAME)";
				TEST_HOST = "$(BUILT_PRODUCTS_DIR)/chatTest.app/chatTest";
			};
			name = Release;
		};
/* End XCBuildConfiguration section */

/* Begin XCConfigurationList section */
		EBD0D8A21A82E1F700B76C79 /* Build configuration list for PBXProject "chatTest" */ = {
			isa = XCConfigurationList;
			buildConfigurations = (
				EBD0D8C81A82E1F700B76C79 /* Debug */,
				EBD0D8C91A82E1F700B76C79 /* Release */,
			);
			defaultConfigurationIsVisible = 0;
			defaultConfigurationName = Release;
		};
		EBD0D8CA1A82E1F700B76C79 /* Build configuration list for PBXNativeTarget "chatTest" */ = {
			isa = XCConfigurationList;
			buildConfigurations = (
				EBD0D8CB1A82E1F700B76C79 /* Debug */,
				EBD0D8CC1A82E1F700B76C79 /* Release */,
			);
			defaultConfigurationIsVisible = 0;
			defaultConfigurationName = Release;
		};
		EBD0D8CD1A82E1F700B76C79 /* Build configuration list for PBXNativeTarget "chatTestTests" */ = {
			isa = XCConfigurationList;
			buildConfigurations = (
				EBD0D8CE1A82E1F700B76C79 /* Debug */,
				EBD0D8CF1A82E1F700B76C79 /* Release */,
			);
			defaultConfigurationIsVisible = 0;
			defaultConfigurationName = Release;
		};
/* End XCConfigurationList section */
	};
	rootObject = EBD0D89F1A82E1F700B76C79 /* Project object */;
}
