// !$*UTF8*$!
{
	archiveVersion = 1;
	classes = {
	};
	objectVersion = 46;
	objects = {

/* Begin PBXBuildFile section */
		F718BCA21A6CE86D001C3E1D /* main.m in Sources */ = {isa = PBXBuildFile; fileRef = F718BCA11A6CE86D001C3E1D /* main.m */; };
		F718BCA51A6CE86D001C3E1D /* AppDelegate.m in Sources */ = {isa = PBXBuildFile; fileRef = F718BCA41A6CE86D001C3E1D /* AppDelegate.m */; };
		F718BCA81A6CE86D001C3E1D /* goMeet.xcdatamodeld in Sources */ = {isa = PBXBuildFile; fileRef = F718BCA61A6CE86D001C3E1D /* goMeet.xcdatamodeld */; };
		F718BCAB1A6CE86D001C3E1D /* ViewController.m in Sources */ = {isa = PBXBuildFile; fileRef = F718BCAA1A6CE86D001C3E1D /* ViewController.m */; };
		F718BCAE1A6CE86D001C3E1D /* Main.storyboard in Resources */ = {isa = PBXBuildFile; fileRef = F718BCAC1A6CE86D001C3E1D /* Main.storyboard */; };
		F718BCB01A6CE86D001C3E1D /* Images.xcassets in Resources */ = {isa = PBXBuildFile; fileRef = F718BCAF1A6CE86D001C3E1D /* Images.xcassets */; };
		F718BCB31A6CE86D001C3E1D /* LaunchScreen.xib in Resources */ = {isa = PBXBuildFile; fileRef = F718BCB11A6CE86D001C3E1D /* LaunchScreen.xib */; };
		F718BCBF1A6CE86D001C3E1D /* goMeetTests.m in Sources */ = {isa = PBXBuildFile; fileRef = F718BCBE1A6CE86D001C3E1D /* goMeetTests.m */; };
/* End PBXBuildFile section */

/* Begin PBXContainerItemProxy section */
		F718BCB91A6CE86D001C3E1D /* PBXContainerItemProxy */ = {
			isa = PBXContainerItemProxy;
			containerPortal = F718BC941A6CE86D001C3E1D /* Project object */;
			proxyType = 1;
			remoteGlobalIDString = F718BC9B1A6CE86D001C3E1D;
			remoteInfo = goMeet;
		};
/* End PBXContainerItemProxy section */

/* Begin PBXFileReference section */
		F718BC9C1A6CE86D001C3E1D /* goMeet.app */ = {isa = PBXFileReference; explicitFileType = wrapper.application; includeInIndex = 0; path = goMeet.app; sourceTree = BUILT_PRODUCTS_DIR; };
		F718BCA01A6CE86D001C3E1D /* Info.plist */ = {isa = PBXFileReference; lastKnownFileType = text.plist.xml; path = Info.plist; sourceTree = "<group>"; };
		F718BCA11A6CE86D001C3E1D /* main.m */ = {isa = PBXFileReference; lastKnownFileType = sourcecode.c.objc; path = main.m; sourceTree = "<group>"; };
		F718BCA31A6CE86D001C3E1D /* AppDelegate.h */ = {isa = PBXFileReference; lastKnownFileType = sourcecode.c.h; path = AppDelegate.h; sourceTree = "<group>"; };
		F718BCA41A6CE86D001C3E1D /* AppDelegate.m */ = {isa = PBXFileReference; lastKnownFileType = sourcecode.c.objc; path = AppDelegate.m; sourceTree = "<group>"; };
		F718BCA71A6CE86D001C3E1D /* goMeet.xcdatamodel */ = {isa = PBXFileReference; lastKnownFileType = wrapper.xcdatamodel; path = goMeet.xcdatamodel; sourceTree = "<group>"; };
		F718BCA91A6CE86D001C3E1D /* ViewController.h */ = {isa = PBXFileReference; lastKnownFileType = sourcecode.c.h; path = ViewController.h; sourceTree = "<group>"; };
		F718BCAA1A6CE86D001C3E1D /* ViewController.m */ = {isa = PBXFileReference; lastKnownFileType = sourcecode.c.objc; path = ViewController.m; sourceTree = "<group>"; };
		F718BCAD1A6CE86D001C3E1D /* Base */ = {isa = PBXFileReference; lastKnownFileType = file.storyboard; name = Base; path = Base.lproj/Main.storyboard; sourceTree = "<group>"; };
		F718BCAF1A6CE86D001C3E1D /* Images.xcassets */ = {isa = PBXFileReference; lastKnownFileType = folder.assetcatalog; path = Images.xcassets; sourceTree = "<group>"; };
		F718BCB21A6CE86D001C3E1D /* Base */ = {isa = PBXFileReference; lastKnownFileType = file.xib; name = Base; path = Base.lproj/LaunchScreen.xib; sourceTree = "<group>"; };
		F718BCB81A6CE86D001C3E1D /* goMeetTests.xctest */ = {isa = PBXFileReference; explicitFileType = wrapper.cfbundle; includeInIndex = 0; path = goMeetTests.xctest; sourceTree = BUILT_PRODUCTS_DIR; };
		F718BCBD1A6CE86D001C3E1D /* Info.plist */ = {isa = PBXFileReference; lastKnownFileType = text.plist.xml; path = Info.plist; sourceTree = "<group>"; };
		F718BCBE1A6CE86D001C3E1D /* goMeetTests.m */ = {isa = PBXFileReference; lastKnownFileType = sourcecode.c.objc; path = goMeetTests.m; sourceTree = "<group>"; };
/* End PBXFileReference section */

/* Begin PBXFrameworksBuildPhase section */
		F718BC991A6CE86D001C3E1D /* Frameworks */ = {
			isa = PBXFrameworksBuildPhase;
			buildActionMask = 2147483647;
			files = (
			);
			runOnlyForDeploymentPostprocessing = 0;
		};
		F718BCB51A6CE86D001C3E1D /* Frameworks */ = {
			isa = PBXFrameworksBuildPhase;
			buildActionMask = 2147483647;
			files = (
			);
			runOnlyForDeploymentPostprocessing = 0;
		};
/* End PBXFrameworksBuildPhase section */

/* Begin PBXGroup section */
		F718BC931A6CE86D001C3E1D = {
			isa = PBXGroup;
			children = (
				F718BC9E1A6CE86D001C3E1D /* goMeet */,
				F718BCBB1A6CE86D001C3E1D /* goMeetTests */,
				F718BC9D1A6CE86D001C3E1D /* Products */,
			);
			sourceTree = "<group>";
		};
		F718BC9D1A6CE86D001C3E1D /* Products */ = {
			isa = PBXGroup;
			children = (
				F718BC9C1A6CE86D001C3E1D /* goMeet.app */,
				F718BCB81A6CE86D001C3E1D /* goMeetTests.xctest */,
			);
			name = Products;
			sourceTree = "<group>";
		};
		F718BC9E1A6CE86D001C3E1D /* goMeet */ = {
			isa = PBXGroup;
			children = (
				F718BCA31A6CE86D001C3E1D /* AppDelegate.h */,
				F718BCA41A6CE86D001C3E1D /* AppDelegate.m */,
				F718BCA91A6CE86D001C3E1D /* ViewController.h */,
				F718BCAA1A6CE86D001C3E1D /* ViewController.m */,
				F718BCAC1A6CE86D001C3E1D /* Main.storyboard */,
				F718BCAF1A6CE86D001C3E1D /* Images.xcassets */,
				F718BCB11A6CE86D001C3E1D /* LaunchScreen.xib */,
				F718BCA61A6CE86D001C3E1D /* goMeet.xcdatamodeld */,
				F718BC9F1A6CE86D001C3E1D /* Supporting Files */,
			);
			path = goMeet;
			sourceTree = "<group>";
		};
		F718BC9F1A6CE86D001C3E1D /* Supporting Files */ = {
			isa = PBXGroup;
			children = (
				F718BCA01A6CE86D001C3E1D /* Info.plist */,
				F718BCA11A6CE86D001C3E1D /* main.m */,
			);
			name = "Supporting Files";
			sourceTree = "<group>";
		};
		F718BCBB1A6CE86D001C3E1D /* goMeetTests */ = {
			isa = PBXGroup;
			children = (
				F718BCBE1A6CE86D001C3E1D /* goMeetTests.m */,
				F718BCBC1A6CE86D001C3E1D /* Supporting Files */,
			);
			path = goMeetTests;
			sourceTree = "<group>";
		};
		F718BCBC1A6CE86D001C3E1D /* Supporting Files */ = {
			isa = PBXGroup;
			children = (
				F718BCBD1A6CE86D001C3E1D /* Info.plist */,
			);
			name = "Supporting Files";
			sourceTree = "<group>";
		};
/* End PBXGroup section */

/* Begin PBXNativeTarget section */
		F718BC9B1A6CE86D001C3E1D /* goMeet */ = {
			isa = PBXNativeTarget;
			buildConfigurationList = F718BCC21A6CE86D001C3E1D /* Build configuration list for PBXNativeTarget "goMeet" */;
			buildPhases = (
				F718BC981A6CE86D001C3E1D /* Sources */,
				F718BC991A6CE86D001C3E1D /* Frameworks */,
				F718BC9A1A6CE86D001C3E1D /* Resources */,
			);
			buildRules = (
			);
			dependencies = (
			);
			name = goMeet;
			productName = goMeet;
			productReference = F718BC9C1A6CE86D001C3E1D /* goMeet.app */;
			productType = "com.apple.product-type.application";
		};
		F718BCB71A6CE86D001C3E1D /* goMeetTests */ = {
			isa = PBXNativeTarget;
			buildConfigurationList = F718BCC51A6CE86D001C3E1D /* Build configuration list for PBXNativeTarget "goMeetTests" */;
			buildPhases = (
				F718BCB41A6CE86D001C3E1D /* Sources */,
				F718BCB51A6CE86D001C3E1D /* Frameworks */,
				F718BCB61A6CE86D001C3E1D /* Resources */,
			);
			buildRules = (
			);
			dependencies = (
				F718BCBA1A6CE86D001C3E1D /* PBXTargetDependency */,
			);
			name = goMeetTests;
			productName = goMeetTests;
			productReference = F718BCB81A6CE86D001C3E1D /* goMeetTests.xctest */;
			productType = "com.apple.product-type.bundle.unit-test";
		};
/* End PBXNativeTarget section */

/* Begin PBXProject section */
		F718BC941A6CE86D001C3E1D /* Project object */ = {
			isa = PBXProject;
			attributes = {
				LastUpgradeCheck = 0610;
				ORGANIZATIONNAME = Simin;
				TargetAttributes = {
					F718BC9B1A6CE86D001C3E1D = {
						CreatedOnToolsVersion = 6.1.1;
					};
					F718BCB71A6CE86D001C3E1D = {
						CreatedOnToolsVersion = 6.1.1;
						TestTargetID = F718BC9B1A6CE86D001C3E1D;
					};
				};
			};
			buildConfigurationList = F718BC971A6CE86D001C3E1D /* Build configuration list for PBXProject "goMeet" */;
			compatibilityVersion = "Xcode 3.2";
			developmentRegion = English;
			hasScannedForEncodings = 0;
			knownRegions = (
				en,
				Base,
			);
			mainGroup = F718BC931A6CE86D001C3E1D;
			productRefGroup = F718BC9D1A6CE86D001C3E1D /* Products */;
			projectDirPath = "";
			projectRoot = "";
			targets = (
				F718BC9B1A6CE86D001C3E1D /* goMeet */,
				F718BCB71A6CE86D001C3E1D /* goMeetTests */,
			);
		};
/* End PBXProject section */

/* Begin PBXResourcesBuildPhase section */
		F718BC9A1A6CE86D001C3E1D /* Resources */ = {
			isa = PBXResourcesBuildPhase;
			buildActionMask = 2147483647;
			files = (
				F718BCAE1A6CE86D001C3E1D /* Main.storyboard in Resources */,
				F718BCB31A6CE86D001C3E1D /* LaunchScreen.xib in Resources */,
				F718BCB01A6CE86D001C3E1D /* Images.xcassets in Resources */,
			);
			runOnlyForDeploymentPostprocessing = 0;
		};
		F718BCB61A6CE86D001C3E1D /* Resources */ = {
			isa = PBXResourcesBuildPhase;
			buildActionMask = 2147483647;
			files = (
			);
			runOnlyForDeploymentPostprocessing = 0;
		};
/* End PBXResourcesBuildPhase section */

/* Begin PBXSourcesBuildPhase section */
		F718BC981A6CE86D001C3E1D /* Sources */ = {
			isa = PBXSourcesBuildPhase;
			buildActionMask = 2147483647;
			files = (
				F718BCA51A6CE86D001C3E1D /* AppDelegate.m in Sources */,
				F718BCA81A6CE86D001C3E1D /* goMeet.xcdatamodeld in Sources */,
				F718BCAB1A6CE86D001C3E1D /* ViewController.m in Sources */,
				F718BCA21A6CE86D001C3E1D /* main.m in Sources */,
			);
			runOnlyForDeploymentPostprocessing = 0;
		};
		F718BCB41A6CE86D001C3E1D /* Sources */ = {
			isa = PBXSourcesBuildPhase;
			buildActionMask = 2147483647;
			files = (
				F718BCBF1A6CE86D001C3E1D /* goMeetTests.m in Sources */,
			);
			runOnlyForDeploymentPostprocessing = 0;
		};
/* End PBXSourcesBuildPhase section */

/* Begin PBXTargetDependency section */
		F718BCBA1A6CE86D001C3E1D /* PBXTargetDependency */ = {
			isa = PBXTargetDependency;
			target = F718BC9B1A6CE86D001C3E1D /* goMeet */;
			targetProxy = F718BCB91A6CE86D001C3E1D /* PBXContainerItemProxy */;
		};
/* End PBXTargetDependency section */

/* Begin PBXVariantGroup section */
		F718BCAC1A6CE86D001C3E1D /* Main.storyboard */ = {
			isa = PBXVariantGroup;
			children = (
				F718BCAD1A6CE86D001C3E1D /* Base */,
			);
			name = Main.storyboard;
			sourceTree = "<group>";
		};
		F718BCB11A6CE86D001C3E1D /* LaunchScreen.xib */ = {
			isa = PBXVariantGroup;
			children = (
				F718BCB21A6CE86D001C3E1D /* Base */,
			);
			name = LaunchScreen.xib;
			sourceTree = "<group>";
		};
/* End PBXVariantGroup section */

/* Begin XCBuildConfiguration section */
		F718BCC01A6CE86D001C3E1D /* Debug */ = {
			isa = XCBuildConfiguration;
			buildSettings = {
				ALWAYS_SEARCH_USER_PATHS = NO;
				CLANG_CXX_LANGUAGE_STANDARD = "gnu++0x";
				CLANG_CXX_LIBRARY = "libc++";
				CLANG_ENABLE_MODULES = YES;
				CLANG_ENABLE_OBJC_ARC = YES;
				CLANG_WARN_BOOL_CONVERSION = YES;
				CLANG_WARN_CONSTANT_CONVERSION = YES;
				CLANG_WARN_DIRECT_OBJC_ISA_USAGE = YES_ERROR;
				CLANG_WARN_EMPTY_BODY = YES;
				CLANG_WARN_ENUM_CONVERSION = YES;
				CLANG_WARN_INT_CONVERSION = YES;
				CLANG_WARN_OBJC_ROOT_CLASS = YES_ERROR;
				CLANG_WARN_UNREACHABLE_CODE = YES;
				CLANG_WARN__DUPLICATE_METHOD_MATCH = YES;
				"CODE_SIGN_IDENTITY[sdk=iphoneos*]" = "iPhone Developer";
				COPY_PHASE_STRIP = NO;
				ENABLE_STRICT_OBJC_MSGSEND = YES;
				GCC_C_LANGUAGE_STANDARD = gnu99;
				GCC_DYNAMIC_NO_PIC = NO;
				GCC_OPTIMIZATION_LEVEL = 0;
				GCC_PREPROCESSOR_DEFINITIONS = (
					"DEBUG=1",
					"$(inherited)",
				);
				GCC_SYMBOLS_PRIVATE_EXTERN = NO;
				GCC_WARN_64_TO_32_BIT_CONVERSION = YES;
				GCC_WARN_ABOUT_RETURN_TYPE = YES_ERROR;
				GCC_WARN_UNDECLARED_SELECTOR = YES;
				GCC_WARN_UNINITIALIZED_AUTOS = YES_AGGRESSIVE;
				GCC_WARN_UNUSED_FUNCTION = YES;
				GCC_WARN_UNUSED_VARIABLE = YES;
				IPHONEOS_DEPLOYMENT_TARGET = 8.1;
				MTL_ENABLE_DEBUG_INFO = YES;
				ONLY_ACTIVE_ARCH = YES;
				SDKROOT = iphoneos;
			};
			name = Debug;
		};
		F718BCC11A6CE86D001C3E1D /* Release */ = {
			isa = XCBuildConfiguration;
			buildSettings = {
				ALWAYS_SEARCH_USER_PATHS = NO;
				CLANG_CXX_LANGUAGE_STANDARD = "gnu++0x";
				CLANG_CXX_LIBRARY = "libc++";
				CLANG_ENABLE_MODULES = YES;
				CLANG_ENABLE_OBJC_ARC = YES;
				CLANG_WARN_BOOL_CONVERSION = YES;
				CLANG_WARN_CONSTANT_CONVERSION = YES;
				CLANG_WARN_DIRECT_OBJC_ISA_USAGE = YES_ERROR;
				CLANG_WARN_EMPTY_BODY = YES;
				CLANG_WARN_ENUM_CONVERSION = YES;
				CLANG_WARN_INT_CONVERSION = YES;
				CLANG_WARN_OBJC_ROOT_CLASS = YES_ERROR;
				CLANG_WARN_UNREACHABLE_CODE = YES;
				CLANG_WARN__DUPLICATE_METHOD_MATCH = YES;
				"CODE_SIGN_IDENTITY[sdk=iphoneos*]" = "iPhone Developer";
				COPY_PHASE_STRIP = YES;
				ENABLE_NS_ASSERTIONS = NO;
				ENABLE_STRICT_OBJC_MSGSEND = YES;
				GCC_C_LANGUAGE_STANDARD = gnu99;
				GCC_WARN_64_TO_32_BIT_CONVERSION = YES;
				GCC_WARN_ABOUT_RETURN_TYPE = YES_ERROR;
				GCC_WARN_UNDECLARED_SELECTOR = YES;
				GCC_WARN_UNINITIALIZED_AUTOS = YES_AGGRESSIVE;
				GCC_WARN_UNUSED_FUNCTION = YES;
				GCC_WARN_UNUSED_VARIABLE = YES;
				IPHONEOS_DEPLOYMENT_TARGET = 8.1;
				MTL_ENABLE_DEBUG_INFO = NO;
				SDKROOT = iphoneos;
				VALIDATE_PRODUCT = YES;
			};
			name = Release;
		};
		F718BCC31A6CE86D001C3E1D /* Debug */ = {
			isa = XCBuildConfiguration;
			buildSettings = {
				ASSETCATALOG_COMPILER_APPICON_NAME = AppIcon;
				INFOPLIST_FILE = goMeet/Info.plist;
				LD_RUNPATH_SEARCH_PATHS = "$(inherited) @executable_path/Frameworks";
				PRODUCT_NAME = "$(TARGET_NAME)";
			};
			name = Debug;
		};
		F718BCC41A6CE86D001C3E1D /* Release */ = {
			isa = XCBuildConfiguration;
			buildSettings = {
				ASSETCATALOG_COMPILER_APPICON_NAME = AppIcon;
				INFOPLIST_FILE = goMeet/Info.plist;
				LD_RUNPATH_SEARCH_PATHS = "$(inherited) @executable_path/Frameworks";
				PRODUCT_NAME = "$(TARGET_NAME)";
			};
			name = Release;
		};
		F718BCC61A6CE86D001C3E1D /* Debug */ = {
			isa = XCBuildConfiguration;
			buildSettings = {
				BUNDLE_LOADER = "$(TEST_HOST)";
				FRAMEWORK_SEARCH_PATHS = (
					"$(SDKROOT)/Developer/Library/Frameworks",
					"$(inherited)",
				);
				GCC_PREPROCESSOR_DEFINITIONS = (
					"DEBUG=1",
					"$(inherited)",
				);
				INFOPLIST_FILE = goMeetTests/Info.plist;
				LD_RUNPATH_SEARCH_PATHS = "$(inherited) @executable_path/Frameworks @loader_path/Frameworks";
				PRODUCT_NAME = "$(TARGET_NAME)";
				TEST_HOST = "$(BUILT_PRODUCTS_DIR)/goMeet.app/goMeet";
			};
			name = Debug;
		};
		F718BCC71A6CE86D001C3E1D /* Release */ = {
			isa = XCBuildConfiguration;
			buildSettings = {
				BUNDLE_LOADER = "$(TEST_HOST)";
				FRAMEWORK_SEARCH_PATHS = (
					"$(SDKROOT)/Developer/Library/Frameworks",
					"$(inherited)",
				);
				INFOPLIST_FILE = goMeetTests/Info.plist;
				LD_RUNPATH_SEARCH_PATHS = "$(inherited) @executable_path/Frameworks @loader_path/Frameworks";
				PRODUCT_NAME = "$(TARGET_NAME)";
				TEST_HOST = "$(BUILT_PRODUCTS_DIR)/goMeet.app/goMeet";
			};
			name = Release;
		};
/* End XCBuildConfiguration section */

/* Begin XCConfigurationList section */
		F718BC971A6CE86D001C3E1D /* Build configuration list for PBXProject "goMeet" */ = {
			isa = XCConfigurationList;
			buildConfigurations = (
				F718BCC01A6CE86D001C3E1D /* Debug */,
				F718BCC11A6CE86D001C3E1D /* Release */,
			);
			defaultConfigurationIsVisible = 0;
			defaultConfigurationName = Release;
		};
		F718BCC21A6CE86D001C3E1D /* Build configuration list for PBXNativeTarget "goMeet" */ = {
			isa = XCConfigurationList;
			buildConfigurations = (
				F718BCC31A6CE86D001C3E1D /* Debug */,
				F718BCC41A6CE86D001C3E1D /* Release */,
			);
			defaultConfigurationIsVisible = 0;
			defaultConfigurationName = Release;
		};
		F718BCC51A6CE86D001C3E1D /* Build configuration list for PBXNativeTarget "goMeetTests" */ = {
			isa = XCConfigurationList;
			buildConfigurations = (
				F718BCC61A6CE86D001C3E1D /* Debug */,
				F718BCC71A6CE86D001C3E1D /* Release */,
			);
			defaultConfigurationIsVisible = 0;
			defaultConfigurationName = Release;
		};
/* End XCConfigurationList section */

/* Begin XCVersionGroup section */
		F718BCA61A6CE86D001C3E1D /* goMeet.xcdatamodeld */ = {
			isa = XCVersionGroup;
			children = (
				F718BCA71A6CE86D001C3E1D /* goMeet.xcdatamodel */,
			);
			currentVersion = F718BCA71A6CE86D001C3E1D /* goMeet.xcdatamodel */;
			path = goMeet.xcdatamodeld;
			sourceTree = "<group>";
			versionGroupType = wrapper.xcdatamodel;
		};
/* End XCVersionGroup section */
	};
	rootObject = F718BC941A6CE86D001C3E1D /* Project object */;
}
